
Microsoft Visual Studio Solution File, Format Version 12.00
# Visual Studio 15
VisualStudioVersion = 15.0.26730.12
MinimumVisualStudioVersion = 10.0.40219.1
Project("{FAE04EC0-301F-11D3-BF4B-00C04F79EFBC}") = "Xamarin_Test", "Xamarin Test\Xamarin_Test\Xamarin_Test.csproj", "{485679B2-610A-4F2F-8EC9-69DB2CF62091}"
EndProject
Project("{FAE04EC0-301F-11D3-BF4B-00C04F79EFBC}") = "Xamarin_Test.Android", "Xamarin Test\Xamarin_Test.Android\Xamarin_Test.Android.csproj", "{2BB54C89-169A-4E80-ACEE-D6968D80242D}"
EndProject
Project("{FAE04EC0-301F-11D3-BF4B-00C04F79EFBC}") = "Xamarin_Test.iOS", "Xamarin Test\Xamarin_Test.iOS\Xamarin_Test.iOS.csproj", "{D330AD8D-4B6A-4247-A6A1-BC17869B8093}"
EndProject
Project("{FAE04EC0-301F-11D3-BF4B-00C04F79EFBC}") = "Xamarin_Test.UWP", "Xamarin Test\Xamarin_Test.UWP\Xamarin_Test.UWP.csproj", "{0E854ED1-B54B-415C-AA6E-151D84C8C102}"
EndProject
Global
	GlobalSection(SolutionConfigurationPlatforms) = preSolution
		Debug|Any CPU = Debug|Any CPU
		Debug|ARM = Debug|ARM
		Debug|iPhone = Debug|iPhone
		Debug|iPhoneSimulator = Debug|iPhoneSimulator
		Debug|x64 = Debug|x64
		Debug|x86 = Debug|x86
		Release|Any CPU = Release|Any CPU
		Release|ARM = Release|ARM
		Release|iPhone = Release|iPhone
		Release|iPhoneSimulator = Release|iPhoneSimulator
		Release|x64 = Release|x64
		Release|x86 = Release|x86
	EndGlobalSection
	GlobalSection(ProjectConfigurationPlatforms) = postSolution
		{485679B2-610A-4F2F-8EC9-69DB2CF62091}.Debug|Any CPU.ActiveCfg = Debug|Any CPU
		{485679B2-610A-4F2F-8EC9-69DB2CF62091}.Debug|Any CPU.Build.0 = Debug|Any CPU
		{485679B2-610A-4F2F-8EC9-69DB2CF62091}.Debug|ARM.ActiveCfg = Debug|Any CPU
		{485679B2-610A-4F2F-8EC9-69DB2CF62091}.Debug|ARM.Build.0 = Debug|Any CPU
		{485679B2-610A-4F2F-8EC9-69DB2CF62091}.Debug|iPhone.ActiveCfg = Debug|Any CPU
		{485679B2-610A-4F2F-8EC9-69DB2CF62091}.Debug|iPhone.Build.0 = Debug|Any CPU
		{485679B2-610A-4F2F-8EC9-69DB2CF62091}.Debug|iPhoneSimulator.ActiveCfg = Debug|Any CPU
		{485679B2-610A-4F2F-8EC9-69DB2CF62091}.Debug|iPhoneSimulator.Build.0 = Debug|Any CPU
		{485679B2-610A-4F2F-8EC9-69DB2CF62091}.Debug|x64.ActiveCfg = Debug|Any CPU
		{485679B2-610A-4F2F-8EC9-69DB2CF62091}.Debug|x64.Build.0 = Debug|Any CPU
		{485679B2-610A-4F2F-8EC9-69DB2CF62091}.Debug|x86.ActiveCfg = Debug|Any CPU
		{485679B2-610A-4F2F-8EC9-69DB2CF62091}.Debug|x86.Build.0 = Debug|Any CPU
		{485679B2-610A-4F2F-8EC9-69DB2CF62091}.Release|Any CPU.ActiveCfg = Release|Any CPU
		{485679B2-610A-4F2F-8EC9-69DB2CF62091}.Release|Any CPU.Build.0 = Release|Any CPU
		{485679B2-610A-4F2F-8EC9-69DB2CF62091}.Release|ARM.ActiveCfg = Release|Any CPU
		{485679B2-610A-4F2F-8EC9-69DB2CF62091}.Release|ARM.Build.0 = Release|Any CPU
		{485679B2-610A-4F2F-8EC9-69DB2CF62091}.Release|iPhone.ActiveCfg = Release|Any CPU
		{485679B2-610A-4F2F-8EC9-69DB2CF62091}.Release|iPhone.Build.0 = Release|Any CPU
		{485679B2-610A-4F2F-8EC9-69DB2CF62091}.Release|iPhoneSimulator.ActiveCfg = Release|Any CPU
		{485679B2-610A-4F2F-8EC9-69DB2CF62091}.Release|iPhoneSimulator.Build.0 = Release|Any CPU
		{485679B2-610A-4F2F-8EC9-69DB2CF62091}.Release|x64.ActiveCfg = Release|Any CPU
		{485679B2-610A-4F2F-8EC9-69DB2CF62091}.Release|x64.Build.0 = Release|Any CPU
		{485679B2-610A-4F2F-8EC9-69DB2CF62091}.Release|x86.ActiveCfg = Release|Any CPU
		{485679B2-610A-4F2F-8EC9-69DB2CF62091}.Release|x86.Build.0 = Release|Any CPU
		{2BB54C89-169A-4E80-ACEE-D6968D80242D}.Debug|Any CPU.ActiveCfg = Debug|Any CPU
		{2BB54C89-169A-4E80-ACEE-D6968D80242D}.Debug|Any CPU.Build.0 = Debug|Any CPU
		{2BB54C89-169A-4E80-ACEE-D6968D80242D}.Debug|Any CPU.Deploy.0 = Debug|Any CPU
		{2BB54C89-169A-4E80-ACEE-D6968D80242D}.Debug|ARM.ActiveCfg = Debug|Any CPU
		{2BB54C89-169A-4E80-ACEE-D6968D80242D}.Debug|ARM.Build.0 = Debug|Any CPU
		{2BB54C89-169A-4E80-ACEE-D6968D80242D}.Debug|ARM.Deploy.0 = Debug|Any CPU
		{2BB54C89-169A-4E80-ACEE-D6968D80242D}.Debug|iPhone.ActiveCfg = Debug|Any CPU
		{2BB54C89-169A-4E80-ACEE-D6968D80242D}.Debug|iPhone.Build.0 = Debug|Any CPU
		{2BB54C89-169A-4E80-ACEE-D6968D80242D}.Debug|iPhone.Deploy.0 = Debug|Any CPU
		{2BB54C89-169A-4E80-ACEE-D6968D80242D}.Debug|iPhoneSimulator.ActiveCfg = Debug|Any CPU
		{2BB54C89-169A-4E80-ACEE-D6968D80242D}.Debug|iPhoneSimulator.Build.0 = Debug|Any CPU
		{2BB54C89-169A-4E80-ACEE-D6968D80242D}.Debug|iPhoneSimulator.Deploy.0 = Debug|Any CPU
		{2BB54C89-169A-4E80-ACEE-D6968D80242D}.Debug|x64.ActiveCfg = Debug|Any CPU
		{2BB54C89-169A-4E80-ACEE-D6968D80242D}.Debug|x64.Build.0 = Debug|Any CPU
		{2BB54C89-169A-4E80-ACEE-D6968D80242D}.Debug|x64.Deploy.0 = Debug|Any CPU
		{2BB54C89-169A-4E80-ACEE-D6968D80242D}.Debug|x86.ActiveCfg = Debug|Any CPU
		{2BB54C89-169A-4E80-ACEE-D6968D80242D}.Debug|x86.Build.0 = Debug|Any CPU
		{2BB54C89-169A-4E80-ACEE-D6968D80242D}.Debug|x86.Deploy.0 = Debug|Any CPU
		{2BB54C89-169A-4E80-ACEE-D6968D80242D}.Release|Any CPU.ActiveCfg = Release|Any CPU
		{2BB54C89-169A-4E80-ACEE-D6968D80242D}.Release|Any CPU.Build.0 = Release|Any CPU
		{2BB54C89-169A-4E80-ACEE-D6968D80242D}.Release|Any CPU.Deploy.0 = Release|Any CPU
		{2BB54C89-169A-4E80-ACEE-D6968D80242D}.Release|ARM.ActiveCfg = Release|Any CPU
		{2BB54C89-169A-4E80-ACEE-D6968D80242D}.Release|ARM.Build.0 = Release|Any CPU
		{2BB54C89-169A-4E80-ACEE-D6968D80242D}.Release|ARM.Deploy.0 = Release|Any CPU
		{2BB54C89-169A-4E80-ACEE-D6968D80242D}.Release|iPhone.ActiveCfg = Release|Any CPU
		{2BB54C89-169A-4E80-ACEE-D6968D80242D}.Release|iPhone.Build.0 = Release|Any CPU
		{2BB54C89-169A-4E80-ACEE-D6968D80242D}.Release|iPhone.Deploy.0 = Release|Any CPU
		{2BB54C89-169A-4E80-ACEE-D6968D80242D}.Release|iPhoneSimulator.ActiveCfg = Release|Any CPU
		{2BB54C89-169A-4E80-ACEE-D6968D80242D}.Release|iPhoneSimulator.Build.0 = Release|Any CPU
		{2BB54C89-169A-4E80-ACEE-D6968D80242D}.Release|iPhoneSimulator.Deploy.0 = Release|Any CPU
		{2BB54C89-169A-4E80-ACEE-D6968D80242D}.Release|x64.ActiveCfg = Release|Any CPU
		{2BB54C89-169A-4E80-ACEE-D6968D80242D}.Release|x64.Build.0 = Release|Any CPU
		{2BB54C89-169A-4E80-ACEE-D6968D80242D}.Release|x64.Deploy.0 = Release|Any CPU
		{2BB54C89-169A-4E80-ACEE-D6968D80242D}.Release|x86.ActiveCfg = Release|Any CPU
		{2BB54C89-169A-4E80-ACEE-D6968D80242D}.Release|x86.Build.0 = Release|Any CPU
		{2BB54C89-169A-4E80-ACEE-D6968D80242D}.Release|x86.Deploy.0 = Release|Any CPU
		{D330AD8D-4B6A-4247-A6A1-BC17869B8093}.Debug|Any CPU.ActiveCfg = Debug|iPhone
		{D330AD8D-4B6A-4247-A6A1-BC17869B8093}.Debug|Any CPU.Build.0 = Debug|iPhone
		{D330AD8D-4B6A-4247-A6A1-BC17869B8093}.Debug|ARM.ActiveCfg = Debug|iPhone
		{D330AD8D-4B6A-4247-A6A1-BC17869B8093}.Debug|iPhone.ActiveCfg = Debug|iPhone
		{D330AD8D-4B6A-4247-A6A1-BC17869B8093}.Debug|iPhone.Build.0 = Debug|iPhone
		{D330AD8D-4B6A-4247-A6A1-BC17869B8093}.Debug|iPhoneSimulator.ActiveCfg = Debug|iPhoneSimulator
		{D330AD8D-4B6A-4247-A6A1-BC17869B8093}.Debug|iPhoneSimulator.Build.0 = Debug|iPhoneSimulator
		{D330AD8D-4B6A-4247-A6A1-BC17869B8093}.Debug|x64.ActiveCfg = Debug|iPhone
		{D330AD8D-4B6A-4247-A6A1-BC17869B8093}.Debug|x86.ActiveCfg = Debug|iPhone
		{D330AD8D-4B6A-4247-A6A1-BC17869B8093}.Release|Any CPU.ActiveCfg = Release|iPhone
		{D330AD8D-4B6A-4247-A6A1-BC17869B8093}.Release|ARM.ActiveCfg = Release|iPhone
		{D330AD8D-4B6A-4247-A6A1-BC17869B8093}.Release|iPhone.ActiveCfg = Release|iPhone
		{D330AD8D-4B6A-4247-A6A1-BC17869B8093}.Release|iPhone.Build.0 = Release|iPhone
		{D330AD8D-4B6A-4247-A6A1-BC17869B8093}.Release|iPhoneSimulator.ActiveCfg = Release|iPhoneSimulator
		{D330AD8D-4B6A-4247-A6A1-BC17869B8093}.Release|iPhoneSimulator.Build.0 = Release|iPhoneSimulator
		{D330AD8D-4B6A-4247-A6A1-BC17869B8093}.Release|x64.ActiveCfg = Release|iPhone
		{D330AD8D-4B6A-4247-A6A1-BC17869B8093}.Release|x86.ActiveCfg = Release|iPhone
		{0E854ED1-B54B-415C-AA6E-151D84C8C102}.Debug|Any CPU.ActiveCfg = Debug|x86
		{0E854ED1-B54B-415C-AA6E-151D84C8C102}.Debug|ARM.ActiveCfg = Debug|ARM
		{0E854ED1-B54B-415C-AA6E-151D84C8C102}.Debug|ARM.Build.0 = Debug|ARM
		{0E854ED1-B54B-415C-AA6E-151D84C8C102}.Debug|ARM.Deploy.0 = Debug|ARM
		{0E854ED1-B54B-415C-AA6E-151D84C8C102}.Debug|iPhone.ActiveCfg = Debug|x86
		{0E854ED1-B54B-415C-AA6E-151D84C8C102}.Debug|iPhoneSimulator.ActiveCfg = Debug|x86
		{0E854ED1-B54B-415C-AA6E-151D84C8C102}.Debug|x64.ActiveCfg = Debug|x64
		{0E854ED1-B54B-415C-AA6E-151D84C8C102}.Debug|x64.Build.0 = Debug|x64
		{0E854ED1-B54B-415C-AA6E-151D84C8C102}.Debug|x64.Deploy.0 = Debug|x64
		{0E854ED1-B54B-415C-AA6E-151D84C8C102}.Debug|x86.ActiveCfg = Debug|x86
		{0E854ED1-B54B-415C-AA6E-151D84C8C102}.Debug|x86.Build.0 = Debug|x86
		{0E854ED1-B54B-415C-AA6E-151D84C8C102}.Debug|x86.Deploy.0 = Debug|x86
		{0E854ED1-B54B-415C-AA6E-151D84C8C102}.Release|Any CPU.ActiveCfg = Release|x86
		{0E854ED1-B54B-415C-AA6E-151D84C8C102}.Release|ARM.ActiveCfg = Release|ARM
		{0E854ED1-B54B-415C-AA6E-151D84C8C102}.Release|ARM.Build.0 = Release|ARM
		{0E854ED1-B54B-415C-AA6E-151D84C8C102}.Release|ARM.Deploy.0 = Release|ARM
		{0E854ED1-B54B-415C-AA6E-151D84C8C102}.Release|iPhone.ActiveCfg = Release|x86
		{0E854ED1-B54B-415C-AA6E-151D84C8C102}.Release|iPhoneSimulator.ActiveCfg = Release|x86
		{0E854ED1-B54B-415C-AA6E-151D84C8C102}.Release|x64.ActiveCfg = Release|x64
		{0E854ED1-B54B-415C-AA6E-151D84C8C102}.Release|x64.Build.0 = Release|x64
		{0E854ED1-B54B-415C-AA6E-151D84C8C102}.Release|x64.Deploy.0 = Release|x64
		{0E854ED1-B54B-415C-AA6E-151D84C8C102}.Release|x86.ActiveCfg = Release|x86
		{0E854ED1-B54B-415C-AA6E-151D84C8C102}.Release|x86.Build.0 = Release|x86
		{0E854ED1-B54B-415C-AA6E-151D84C8C102}.Release|x86.Deploy.0 = Release|x86
	EndGlobalSection
	GlobalSection(SolutionProperties) = preSolution
		HideSolutionNode = FALSE
	EndGlobalSection
	GlobalSection(ExtensibilityGlobals) = postSolution
		SolutionGuid = {B617A31A-6D3C-46CC-9147-410698048240}
	EndGlobalSection
EndGlobal
